
Microsoft Visual Studio Solution File, Format Version 12.00
# Visual Studio Version 17
VisualStudioVersion = 17.4.33213.308
MinimumVisualStudioVersion = 10.0.40219.1
Project("{FAE04EC0-301F-11D3-BF4B-00C04F79EFBC}") = "WinFormsApp1", "WinFormsApp1\WinFormsApp1.csproj", "{987F4692-A23D-4D94-88ED-E65CAA51BE21}"
EndProject
Global
	GlobalSection(SolutionConfigurationPlatforms) = preSolution
		Debug|Any CPU = Debug|Any CPU
		Release|Any CPU = Release|Any CPU
	EndGlobalSection
	GlobalSection(ProjectConfigurationPlatforms) = postSolution
		{987F4692-A23D-4D94-88ED-E65CAA51BE21}.Debug|Any CPU.ActiveCfg = Debug|Any CPU
		{987F4692-A23D-4D94-88ED-E65CAA51BE21}.Debug|Any CPU.Build.0 = Debug|Any CPU
		{987F4692-A23D-4D94-88ED-E65CAA51BE21}.Release|Any CPU.ActiveCfg = Release|Any CPU
		{987F4692-A23D-4D94-88ED-E65CAA51BE21}.Release|Any CPU.Build.0 = Release|Any CPU
	EndGlobalSection
	GlobalSection(SolutionProperties) = preSolution
		HideSolutionNode = FALSE
	EndGlobalSection
	GlobalSection(ExtensibilityGlobals) = postSolution
		SolutionGuid = {59FA6B76-4D40-4919-A05D-39D532D03283}
	EndGlobalSection
EndGlobal
